
Microsoft Visual Studio Solution File, Format Version 12.00
Project("{FAE04EC0-301F-11D3-BF4B-00C04F79EFBC}") = "BackendTest.Webapi", "BackendTest.Webapi\BackendTest.Webapi.csproj", "{8E126131-B932-417E-9EB8-8D1AD0F024E1}"
EndProject
Project("{FAE04EC0-301F-11D3-BF4B-00C04F79EFBC}") = "BackendTest.Business", "BackendTest.Business\BackendTest.Business.csproj", "{0004245C-82F2-484B-9186-283EB4744352}"
EndProject
Global
	GlobalSection(SolutionConfigurationPlatforms) = preSolution
		Debug|Any CPU = Debug|Any CPU
		Release|Any CPU = Release|Any CPU
	EndGlobalSection
	GlobalSection(ProjectConfigurationPlatforms) = postSolution
		{8E126131-B932-417E-9EB8-8D1AD0F024E1}.Debug|Any CPU.ActiveCfg = Debug|Any CPU
		{8E126131-B932-417E-9EB8-8D1AD0F024E1}.Debug|Any CPU.Build.0 = Debug|Any CPU
		{8E126131-B932-417E-9EB8-8D1AD0F024E1}.Release|Any CPU.ActiveCfg = Release|Any CPU
		{8E126131-B932-417E-9EB8-8D1AD0F024E1}.Release|Any CPU.Build.0 = Release|Any CPU
		{0004245C-82F2-484B-9186-283EB4744352}.Debug|Any CPU.ActiveCfg = Debug|Any CPU
		{0004245C-82F2-484B-9186-283EB4744352}.Debug|Any CPU.Build.0 = Debug|Any CPU
		{0004245C-82F2-484B-9186-283EB4744352}.Release|Any CPU.ActiveCfg = Release|Any CPU
		{0004245C-82F2-484B-9186-283EB4744352}.Release|Any CPU.Build.0 = Release|Any CPU
	EndGlobalSection
EndGlobal
